<?xml version="1.0" encoding="utf-8"?>
<Project ToolsVersion="4.0" xmlns="http://schemas.microsoft.com/developer/msbuild/2003">
  <ItemGroup>
    <Filter Include="Source Files">
      <UniqueIdentifier>{4FC737F1-C7A5-4376-A066-2A32D752A2FF}</UniqueIdentifier>
      <Extensions>cpp;c;cc;cxx;def;odl;idl;hpj;bat;asm;asmx</Extensions>
    </Filter>
    <Filter Include="Resource Files">
      <UniqueIdentifier>{67DA6AB6-F800-4c08-8B7A-83BB121AAD01}</UniqueIdentifier>
      <Extensions>rc;ico;cur;bmp;dlg;rc2;rct;bin;rgs;gif;jpg;jpeg;jpe;resx;tiff;tif;png;wav;mfcribbon-ms</Extensions>
    </Filter>
    <Filter Include="DLL src">
      <UniqueIdentifier>{93995380-89BD-4b04-88EB-625FBE52EBFB}</UniqueIdentifier>
      <Extensions>h;hpp;hxx;hm;inl;inc;xsd</Extensions>
    </Filter>
  </ItemGroup>
  <ItemGroup>
    <ClCompile Include="AssemblyInfo.cpp">
      <Filter>DLL src</Filter>
    </ClCompile>
    <ClCompile Include="Stdafx.cpp">
      <Filter>DLL src</Filter>
    </ClCompile>
    <ClCompile Include="Plugin.cpp">
      <Filter>Source Files</Filter>
    </ClCompile>
    <ClCompile Include="IsolineGenerator.cpp">
      <Filter>Source Files</Filter>
    </ClCompile>
    <ClCompile Include="Processor.cpp">
      <Filter>Source Files</Filter>
    </ClCompile>
    <ClCompile Include="ColorMapper.cpp">
      <Filter>Source Files</Filter>
    </ClCompile>
    <ClCompile Include="MapperLayer.cpp">
      <Filter>Source Files</Filter>
    </ClCompile>
    <ClCompile Include="ProcessorConfigForm.cpp">
      <Filter>Source Files</Filter>
    </ClCompile>
    <ClCompile Include="NormalizationConfig.cpp">
      <Filter>Source Files</Filter>
    </ClCompile>
  </ItemGroup>
  <ItemGroup>
    <ClInclude Include="Stdafx.h">
      <Filter>DLL src</Filter>
    </ClInclude>
    <ClInclude Include="IsolineGenerator.h">
      <Filter>Source Files</Filter>
    </ClInclude>
    <ClInclude Include="Processor.h">
      <Filter>Source Files</Filter>
    </ClInclude>
    <ClInclude Include="Accessor.h">
      <Filter>Source Files</Filter>
    </ClInclude>
    <ClInclude Include="ColorMapper.h">
      <Filter>Source Files</Filter>
    </ClInclude>
    <ClInclude Include="MapperLayer.h">
      <Filter>Source Files</Filter>
    </ClInclude>
    <ClInclude Include="FragmentShader.h">
      <Filter>Source Files</Filter>
    </ClInclude>
    <ClInclude Include="VertexShader.h">
      <Filter>Source Files</Filter>
    </ClInclude>
    <ClInclude Include="ProcessorConfigForm.h">
      <Filter>Source Files</Filter>
    </ClInclude>
    <ClInclude Include="NormalizationConfig.h">
      <Filter>Source Files</Filter>
    </ClInclude>
  </ItemGroup>
  <ItemGroup>
    <None Include="FragmentShader.glsl">
      <Filter>Source Files</Filter>
    </None>
    <None Include="glsl2c.bat">
      <Filter>Source Files</Filter>
    </None>
    <None Include="VertexShader.glsl">
      <Filter>Source Files</Filter>
    </None>
  </ItemGroup>
  <ItemGroup>
    <EmbeddedResource Include="ProcessorConfigForm.resx">
      <Filter>Resource Files</Filter>
    </EmbeddedResource>
  </ItemGroup>
</Project>